
Microsoft Visual Studio Solution File, Format Version 12.00
# Visual Studio Version 17
VisualStudioVersion = 17.14.36119.2 d17.14
MinimumVisualStudioVersion = 10.0.40219.1
Project("{FAE04EC0-301F-11D3-BF4B-00C04F79EFBC}") = "arrayUygulamam", "arrayUygulamam\arrayUygulamam.csproj", "{EAEAF24E-7677-40C0-995A-1ACFA0F90809}"
EndProject
Global
	GlobalSection(SolutionConfigurationPlatforms) = preSolution
		Debug|Any CPU = Debug|Any CPU
		Release|Any CPU = Release|Any CPU
	EndGlobalSection
	GlobalSection(ProjectConfigurationPlatforms) = postSolution
		{EAEAF24E-7677-40C0-995A-1ACFA0F90809}.Debug|Any CPU.ActiveCfg = Debug|Any CPU
		{EAEAF24E-7677-40C0-995A-1ACFA0F90809}.Debug|Any CPU.Build.0 = Debug|Any CPU
		{EAEAF24E-7677-40C0-995A-1ACFA0F90809}.Release|Any CPU.ActiveCfg = Release|Any CPU
		{EAEAF24E-7677-40C0-995A-1ACFA0F90809}.Release|Any CPU.Build.0 = Release|Any CPU
	EndGlobalSection
	GlobalSection(SolutionProperties) = preSolution
		HideSolutionNode = FALSE
	EndGlobalSection
	GlobalSection(ExtensibilityGlobals) = postSolution
		SolutionGuid = {129BD02D-4419-4084-B1DC-47885A76450C}
	EndGlobalSection
EndGlobal
